// !$*UTF8*$!
{
	archiveVersion = 1;
	classes = {
	};
	objectVersion = 50;
	objects = {

/* Begin PBXBuildFile section */
		88E97BC7258A0CBC001A10DF /* AppDelegate.swift in Sources */ = {isa = PBXBuildFile; fileRef = 88E97BC6258A0CBC001A10DF /* AppDelegate.swift */; };
		88E97BC9258A0CBC001A10DF /* SceneDelegate.swift in Sources */ = {isa = PBXBuildFile; fileRef = 88E97BC8258A0CBC001A10DF /* SceneDelegate.swift */; };
		88E97BCB258A0CBC001A10DF /* ViewController.swift in Sources */ = {isa = PBXBuildFile; fileRef = 88E97BCA258A0CBC001A10DF /* ViewController.swift */; };
		88E97BCE258A0CBC001A10DF /* Main.storyboard in Resources */ = {isa = PBXBuildFile; fileRef = 88E97BCC258A0CBC001A10DF /* Main.storyboard */; };
		88E97BD0258A0CBE001A10DF /* Assets.xcassets in Resources */ = {isa = PBXBuildFile; fileRef = 88E97BCF258A0CBE001A10DF /* Assets.xcassets */; };
		88E97BD3258A0CBE001A10DF /* LaunchScreen.storyboard in Resources */ = {isa = PBXBuildFile; fileRef = 88E97BD1258A0CBE001A10DF /* LaunchScreen.storyboard */; };
		88E97BDC258A0F3F001A10DF /* Alcohol.swift in Sources */ = {isa = PBXBuildFile; fileRef = 88E97BDB258A0F3F001A10DF /* Alcohol.swift */; };
		88E97BE0258A1008001A10DF /* FactoryOfAlcohols.swift in Sources */ = {isa = PBXBuildFile; fileRef = 88E97BDF258A1008001A10DF /* FactoryOfAlcohols.swift */; };
		88E97BE4258A10A6001A10DF /* Beer.swift in Sources */ = {isa = PBXBuildFile; fileRef = 88E97BE3258A10A6001A10DF /* Beer.swift */; };
		88E97BE9258A1156001A10DF /* Champagne.swift in Sources */ = {isa = PBXBuildFile; fileRef = 88E97BE8258A1156001A10DF /* Champagne.swift */; };
		88E97BED258A11CD001A10DF /* Vodka.swift in Sources */ = {isa = PBXBuildFile; fileRef = 88E97BEC258A11CD001A10DF /* Vodka.swift */; };
		88E97BF0258A1224001A10DF /* Wine.swift in Sources */ = {isa = PBXBuildFile; fileRef = 88E97BEF258A1224001A10DF /* Wine.swift */; };
		88E97BF3258A12AC001A10DF /* RodnikFactory.swift in Sources */ = {isa = PBXBuildFile; fileRef = 88E97BF2258A12AC001A10DF /* RodnikFactory.swift */; };
		88E97BF6258A13C0001A10DF /* HenkelFactory.swift in Sources */ = {isa = PBXBuildFile; fileRef = 88E97BF5258A13C0001A10DF /* HenkelFactory.swift */; };
/* End PBXBuildFile section */

/* Begin PBXFileReference section */
		88E97BC3258A0CBC001A10DF /* AlcoholFactoryMethod.app */ = {isa = PBXFileReference; explicitFileType = wrapper.application; includeInIndex = 0; path = AlcoholFactoryMethod.app; sourceTree = BUILT_PRODUCTS_DIR; };
		88E97BC6258A0CBC001A10DF /* AppDelegate.swift */ = {isa = PBXFileReference; lastKnownFileType = sourcecode.swift; path = AppDelegate.swift; sourceTree = "<group>"; };
		88E97BC8258A0CBC001A10DF /* SceneDelegate.swift */ = {isa = PBXFileReference; lastKnownFileType = sourcecode.swift; path = SceneDelegate.swift; sourceTree = "<group>"; };
		88E97BCA258A0CBC001A10DF /* ViewController.swift */ = {isa = PBXFileReference; lastKnownFileType = sourcecode.swift; path = ViewController.swift; sourceTree = "<group>"; };
		88E97BCD258A0CBC001A10DF /* Base */ = {isa = PBXFileReference; lastKnownFileType = file.storyboard; name = Base; path = Base.lproj/Main.storyboard; sourceTree = "<group>"; };
		88E97BCF258A0CBE001A10DF /* Assets.xcassets */ = {isa = PBXFileReference; lastKnownFileType = folder.assetcatalog; path = Assets.xcassets; sourceTree = "<group>"; };
		88E97BD2258A0CBE001A10DF /* Base */ = {isa = PBXFileReference; lastKnownFileType = file.storyboard; name = Base; path = Base.lproj/LaunchScreen.storyboard; sourceTree = "<group>"; };
		88E97BD4258A0CBE001A10DF /* Info.plist */ = {isa = PBXFileReference; lastKnownFileType = text.plist.xml; path = Info.plist; sourceTree = "<group>"; };
		88E97BDB258A0F3F001A10DF /* Alcohol.swift */ = {isa = PBXFileReference; lastKnownFileType = sourcecode.swift; path = Alcohol.swift; sourceTree = "<group>"; };
		88E97BDF258A1008001A10DF /* FactoryOfAlcohols.swift */ = {isa = PBXFileReference; lastKnownFileType = sourcecode.swift; path = FactoryOfAlcohols.swift; sourceTree = "<group>"; };
		88E97BE3258A10A6001A10DF /* Beer.swift */ = {isa = PBXFileReference; lastKnownFileType = sourcecode.swift; path = Beer.swift; sourceTree = "<group>"; };
		88E97BE8258A1156001A10DF /* Champagne.swift */ = {isa = PBXFileReference; lastKnownFileType = sourcecode.swift; path = Champagne.swift; sourceTree = "<group>"; };
		88E97BEC258A11CD001A10DF /* Vodka.swift */ = {isa = PBXFileReference; lastKnownFileType = sourcecode.swift; path = Vodka.swift; sourceTree = "<group>"; };
		88E97BEF258A1224001A10DF /* Wine.swift */ = {isa = PBXFileReference; lastKnownFileType = sourcecode.swift; path = Wine.swift; sourceTree = "<group>"; };
		88E97BF2258A12AC001A10DF /* RodnikFactory.swift */ = {isa = PBXFileReference; lastKnownFileType = sourcecode.swift; path = RodnikFactory.swift; sourceTree = "<group>"; };
		88E97BF5258A13C0001A10DF /* HenkelFactory.swift */ = {isa = PBXFileReference; lastKnownFileType = sourcecode.swift; path = HenkelFactory.swift; sourceTree = "<group>"; };
/* End PBXFileReference section */

/* Begin PBXFrameworksBuildPhase section */
		88E97BC0258A0CBC001A10DF /* Frameworks */ = {
			isa = PBXFrameworksBuildPhase;
			buildActionMask = 2147483647;
			files = (
			);
			runOnlyForDeploymentPostprocessing = 0;
		};
/* End PBXFrameworksBuildPhase section */

/* Begin PBXGroup section */
		88E97BBA258A0CBC001A10DF = {
			isa = PBXGroup;
			children = (
				88E97BC5258A0CBC001A10DF /* AlcoholFactoryMethod */,
				88E97BC4258A0CBC001A10DF /* Products */,
			);
			sourceTree = "<group>";
		};
		88E97BC4258A0CBC001A10DF /* Products */ = {
			isa = PBXGroup;
			children = (
				88E97BC3258A0CBC001A10DF /* AlcoholFactoryMethod.app */,
			);
			name = Products;
			sourceTree = "<group>";
		};
		88E97BC5258A0CBC001A10DF /* AlcoholFactoryMethod */ = {
			isa = PBXGroup;
			children = (
				88E97BC6258A0CBC001A10DF /* AppDelegate.swift */,
				88E97BC8258A0CBC001A10DF /* SceneDelegate.swift */,
				88E97BCA258A0CBC001A10DF /* ViewController.swift */,
				88E97BE6258A113D001A10DF /* Factory */,
				88E97BDE258A0FC3001A10DF /* Alcohol */,
				88E97BCC258A0CBC001A10DF /* Main.storyboard */,
				88E97BCF258A0CBE001A10DF /* Assets.xcassets */,
				88E97BD1258A0CBE001A10DF /* LaunchScreen.storyboard */,
				88E97BD4258A0CBE001A10DF /* Info.plist */,
			);
			path = AlcoholFactoryMethod;
			sourceTree = "<group>";
		};
		88E97BDE258A0FC3001A10DF /* Alcohol */ = {
			isa = PBXGroup;
			children = (
				88E97BDB258A0F3F001A10DF /* Alcohol.swift */,
				88E97BEC258A11CD001A10DF /* Vodka.swift */,
				88E97BEF258A1224001A10DF /* Wine.swift */,
				88E97BE3258A10A6001A10DF /* Beer.swift */,
				88E97BE8258A1156001A10DF /* Champagne.swift */,
			);
			path = Alcohol;
			sourceTree = "<group>";
		};
		88E97BE6258A113D001A10DF /* Factory */ = {
			isa = PBXGroup;
			children = (
				88E97BDF258A1008001A10DF /* FactoryOfAlcohols.swift */,
				88E97BF2258A12AC001A10DF /* RodnikFactory.swift */,
				88E97BF5258A13C0001A10DF /* HenkelFactory.swift */,
			);
			path = Factory;
			sourceTree = "<group>";
		};
/* End PBXGroup section */

/* Begin PBXNativeTarget section */
		88E97BC2258A0CBC001A10DF /* AlcoholFactoryMethod */ = {
			isa = PBXNativeTarget;
			buildConfigurationList = 88E97BD7258A0CBE001A10DF /* Build configuration list for PBXNativeTarget "AlcoholFactoryMethod" */;
			buildPhases = (
				88E97BBF258A0CBC001A10DF /* Sources */,
				88E97BC0258A0CBC001A10DF /* Frameworks */,
				88E97BC1258A0CBC001A10DF /* Resources */,
			);
			buildRules = (
			);
			dependencies = (
			);
			name = AlcoholFactoryMethod;
			productName = AlcoholFactoryMethod;
			productReference = 88E97BC3258A0CBC001A10DF /* AlcoholFactoryMethod.app */;
			productType = "com.apple.product-type.application";
		};
/* End PBXNativeTarget section */

/* Begin PBXProject section */
		88E97BBB258A0CBC001A10DF /* Project object */ = {
			isa = PBXProject;
			attributes = {
				LastSwiftUpdateCheck = 1220;
				LastUpgradeCheck = 1220;
				TargetAttributes = {
					88E97BC2258A0CBC001A10DF = {
						CreatedOnToolsVersion = 12.2;
					};
				};
			};
			buildConfigurationList = 88E97BBE258A0CBC001A10DF /* Build configuration list for PBXProject "AlcoholFactoryMethod" */;
			compatibilityVersion = "Xcode 9.3";
			developmentRegion = en;
			hasScannedForEncodings = 0;
			knownRegions = (
				en,
				Base,
			);
			mainGroup = 88E97BBA258A0CBC001A10DF;
			productRefGroup = 88E97BC4258A0CBC001A10DF /* Products */;
			projectDirPath = "";
			projectRoot = "";
			targets = (
				88E97BC2258A0CBC001A10DF /* AlcoholFactoryMethod */,
			);
		};
/* End PBXProject section */

/* Begin PBXResourcesBuildPhase section */
		88E97BC1258A0CBC001A10DF /* Resources */ = {
			isa = PBXResourcesBuildPhase;
			buildActionMask = 2147483647;
			files = (
				88E97BD3258A0CBE001A10DF /* LaunchScreen.storyboard in Resources */,
				88E97BD0258A0CBE001A10DF /* Assets.xcassets in Resources */,
				88E97BCE258A0CBC001A10DF /* Main.storyboard in Resources */,
			);
			runOnlyForDeploymentPostprocessing = 0;
		};
/* End PBXResourcesBuildPhase section */

/* Begin PBXSourcesBuildPhase section */
		88E97BBF258A0CBC001A10DF /* Sources */ = {
			isa = PBXSourcesBuildPhase;
			buildActionMask = 2147483647;
			files = (
				88E97BE9258A1156001A10DF /* Champagne.swift in Sources */,
				88E97BCB258A0CBC001A10DF /* ViewController.swift in Sources */,
				88E97BF0258A1224001A10DF /* Wine.swift in Sources */,
				88E97BE4258A10A6001A10DF /* Beer.swift in Sources */,
				88E97BED258A11CD001A10DF /* Vodka.swift in Sources */,
				88E97BF3258A12AC001A10DF /* RodnikFactory.swift in Sources */,
				88E97BC7258A0CBC001A10DF /* AppDelegate.swift in Sources */,
				88E97BF6258A13C0001A10DF /* HenkelFactory.swift in Sources */,
				88E97BDC258A0F3F001A10DF /* Alcohol.swift in Sources */,
				88E97BC9258A0CBC001A10DF /* SceneDelegate.swift in Sources */,
				88E97BE0258A1008001A10DF /* FactoryOfAlcohols.swift in Sources */,
			);
			runOnlyForDeploymentPostprocessing = 0;
		};
/* End PBXSourcesBuildPhase section */

/* Begin PBXVariantGroup section */
		88E97BCC258A0CBC001A10DF /* Main.storyboard */ = {
			isa = PBXVariantGroup;
			children = (
				88E97BCD258A0CBC001A10DF /* Base */,
			);
			name = Main.storyboard;
			sourceTree = "<group>";
		};
		88E97BD1258A0CBE001A10DF /* LaunchScreen.storyboard */ = {
			isa = PBXVariantGroup;
			children = (
				88E97BD2258A0CBE001A10DF /* Base */,
			);
			name = LaunchScreen.storyboard;
			sourceTree = "<group>";
		};
/* End PBXVariantGroup section */

/* Begin XCBuildConfiguration section */
		88E97BD5258A0CBE001A10DF /* Debug */ = {
			isa = XCBuildConfiguration;
			buildSettings = {
				ALWAYS_SEARCH_USER_PATHS = NO;
				CLANG_ANALYZER_NONNULL = YES;
				CLANG_ANALYZER_NUMBER_OBJECT_CONVERSION = YES_AGGRESSIVE;
				CLANG_CXX_LANGUAGE_STANDARD = "gnu++14";
				CLANG_CXX_LIBRARY = "libc++";
				CLANG_ENABLE_MODULES = YES;
				CLANG_ENABLE_OBJC_ARC = YES;
				CLANG_ENABLE_OBJC_WEAK = YES;
				CLANG_WARN_BLOCK_CAPTURE_AUTORELEASING = YES;
				CLANG_WARN_BOOL_CONVERSION = YES;
				CLANG_WARN_COMMA = YES;
				CLANG_WARN_CONSTANT_CONVERSION = YES;
				CLANG_WARN_DEPRECATED_OBJC_IMPLEMENTATIONS = YES;
				CLANG_WARN_DIRECT_OBJC_ISA_USAGE = YES_ERROR;
				CLANG_WARN_DOCUMENTATION_COMMENTS = YES;
				CLANG_WARN_EMPTY_BODY = YES;
				CLANG_WARN_ENUM_CONVERSION = YES;
				CLANG_WARN_INFINITE_RECURSION = YES;
				CLANG_WARN_INT_CONVERSION = YES;
				CLANG_WARN_NON_LITERAL_NULL_CONVERSION = YES;
				CLANG_WARN_OBJC_IMPLICIT_RETAIN_SELF = YES;
				CLANG_WARN_OBJC_LITERAL_CONVERSION = YES;
				CLANG_WARN_OBJC_ROOT_CLASS = YES_ERROR;
				CLANG_WARN_QUOTED_INCLUDE_IN_FRAMEWORK_HEADER = YES;
				CLANG_WARN_RANGE_LOOP_ANALYSIS = YES;
				CLANG_WARN_STRICT_PROTOTYPES = YES;
				CLANG_WARN_SUSPICIOUS_MOVE = YES;
				CLANG_WARN_UNGUARDED_AVAILABILITY = YES_AGGRESSIVE;
				CLANG_WARN_UNREACHABLE_CODE = YES;
				CLANG_WARN__DUPLICATE_METHOD_MATCH = YES;
				COPY_PHASE_STRIP = NO;
				DEBUG_INFORMATION_FORMAT = dwarf;
				ENABLE_STRICT_OBJC_MSGSEND = YES;
				ENABLE_TESTABILITY = YES;
				GCC_C_LANGUAGE_STANDARD = gnu11;
				GCC_DYNAMIC_NO_PIC = NO;
				GCC_NO_COMMON_BLOCKS = YES;
				GCC_OPTIMIZATION_LEVEL = 0;
				GCC_PREPROCESSOR_DEFINITIONS = (
					"DEBUG=1",
					"$(inherited)",
				);
				GCC_WARN_64_TO_32_BIT_CONVERSION = YES;
				GCC_WARN_ABOUT_RETURN_TYPE = YES_ERROR;
				GCC_WARN_UNDECLARED_SELECTOR = YES;
				GCC_WARN_UNINITIALIZED_AUTOS = YES_AGGRESSIVE;
				GCC_WARN_UNUSED_FUNCTION = YES;
				GCC_WARN_UNUSED_VARIABLE = YES;
				IPHONEOS_DEPLOYMENT_TARGET = 14.2;
				MTL_ENABLE_DEBUG_INFO = INCLUDE_SOURCE;
				MTL_FAST_MATH = YES;
				ONLY_ACTIVE_ARCH = YES;
				SDKROOT = iphoneos;
				SWIFT_ACTIVE_COMPILATION_CONDITIONS = DEBUG;
				SWIFT_OPTIMIZATION_LEVEL = "-Onone";
			};
			name = Debug;
		};
		88E97BD6258A0CBE001A10DF /* Release */ = {
			isa = XCBuildConfiguration;
			buildSettings = {
				ALWAYS_SEARCH_USER_PATHS = NO;
				CLANG_ANALYZER_NONNULL = YES;
				CLANG_ANALYZER_NUMBER_OBJECT_CONVERSION = YES_AGGRESSIVE;
				CLANG_CXX_LANGUAGE_STANDARD = "gnu++14";
				CLANG_CXX_LIBRARY = "libc++";
				CLANG_ENABLE_MODULES = YES;
				CLANG_ENABLE_OBJC_ARC = YES;
				CLANG_ENABLE_OBJC_WEAK = YES;
				CLANG_WARN_BLOCK_CAPTURE_AUTORELEASING = YES;
				CLANG_WARN_BOOL_CONVERSION = YES;
				CLANG_WARN_COMMA = YES;
				CLANG_WARN_CONSTANT_CONVERSION = YES;
				CLANG_WARN_DEPRECATED_OBJC_IMPLEMENTATIONS = YES;
				CLANG_WARN_DIRECT_OBJC_ISA_USAGE = YES_ERROR;
				CLANG_WARN_DOCUMENTATION_COMMENTS = YES;
				CLANG_WARN_EMPTY_BODY = YES;
				CLANG_WARN_ENUM_CONVERSION = YES;
				CLANG_WARN_INFINITE_RECURSION = YES;
				CLANG_WARN_INT_CONVERSION = YES;
				CLANG_WARN_NON_LITERAL_NULL_CONVERSION = YES;
				CLANG_WARN_OBJC_IMPLICIT_RETAIN_SELF = YES;
				CLANG_WARN_OBJC_LITERAL_CONVERSION = YES;
				CLANG_WARN_OBJC_ROOT_CLASS = YES_ERROR;
				CLANG_WARN_QUOTED_INCLUDE_IN_FRAMEWORK_HEADER = YES;
				CLANG_WARN_RANGE_LOOP_ANALYSIS = YES;
				CLANG_WARN_STRICT_PROTOTYPES = YES;
				CLANG_WARN_SUSPICIOUS_MOVE = YES;
				CLANG_WARN_UNGUARDED_AVAILABILITY = YES_AGGRESSIVE;
				CLANG_WARN_UNREACHABLE_CODE = YES;
				CLANG_WARN__DUPLICATE_METHOD_MATCH = YES;
				COPY_PHASE_STRIP = NO;
				DEBUG_INFORMATION_FORMAT = "dwarf-with-dsym";
				ENABLE_NS_ASSERTIONS = NO;
				ENABLE_STRICT_OBJC_MSGSEND = YES;
				GCC_C_LANGUAGE_STANDARD = gnu11;
				GCC_NO_COMMON_BLOCKS = YES;
				GCC_WARN_64_TO_32_BIT_CONVERSION = YES;
				GCC_WARN_ABOUT_RETURN_TYPE = YES_ERROR;
				GCC_WARN_UNDECLARED_SELECTOR = YES;
				GCC_WARN_UNINITIALIZED_AUTOS = YES_AGGRESSIVE;
				GCC_WARN_UNUSED_FUNCTION = YES;
				GCC_WARN_UNUSED_VARIABLE = YES;
				IPHONEOS_DEPLOYMENT_TARGET = 14.2;
				MTL_ENABLE_DEBUG_INFO = NO;
				MTL_FAST_MATH = YES;
				SDKROOT = iphoneos;
				SWIFT_COMPILATION_MODE = wholemodule;
				SWIFT_OPTIMIZATION_LEVEL = "-O";
				VALIDATE_PRODUCT = YES;
			};
			name = Release;
		};
		88E97BD8258A0CBE001A10DF /* Debug */ = {
			isa = XCBuildConfiguration;
			buildSettings = {
				ASSETCATALOG_COMPILER_APPICON_NAME = AppIcon;
				ASSETCATALOG_COMPILER_GLOBAL_ACCENT_COLOR_NAME = AccentColor;
				CODE_SIGN_STYLE = Automatic;
				DEVELOPMENT_TEAM = 9G68P5M492;
				INFOPLIST_FILE = AlcoholFactoryMethod/Info.plist;
				LD_RUNPATH_SEARCH_PATHS = (
					"$(inherited)",
					"@executable_path/Frameworks",
				);
				PRODUCT_BUNDLE_IDENTIFIER = com.lagarnas.AlcoholFactoryMethod;
				PRODUCT_NAME = "$(TARGET_NAME)";
				SWIFT_VERSION = 5.0;
				TARGETED_DEVICE_FAMILY = "1,2";
			};
			name = Debug;
		};
		88E97BD9258A0CBE001A10DF /* Release */ = {
			isa = XCBuildConfiguration;
			buildSettings = {
				ASSETCATALOG_COMPILER_APPICON_NAME = AppIcon;
				ASSETCATALOG_COMPILER_GLOBAL_ACCENT_COLOR_NAME = AccentColor;
				CODE_SIGN_STYLE = Automatic;
				DEVELOPMENT_TEAM = 9G68P5M492;
				INFOPLIST_FILE = AlcoholFactoryMethod/Info.plist;
				LD_RUNPATH_SEARCH_PATHS = (
					"$(inherited)",
					"@executable_path/Frameworks",
				);
				PRODUCT_BUNDLE_IDENTIFIER = com.lagarnas.AlcoholFactoryMethod;
				PRODUCT_NAME = "$(TARGET_NAME)";
				SWIFT_VERSION = 5.0;
				TARGETED_DEVICE_FAMILY = "1,2";
			};
			name = Release;
		};
/* End XCBuildConfiguration section */

/* Begin XCConfigurationList section */
		88E97BBE258A0CBC001A10DF /* Build configuration list for PBXProject "AlcoholFactoryMethod" */ = {
			isa = XCConfigurationList;
			buildConfigurations = (
				88E97BD5258A0CBE001A10DF /* Debug */,
				88E97BD6258A0CBE001A10DF /* Release */,
			);
			defaultConfigurationIsVisible = 0;
			defaultConfigurationName = Release;
		};
		88E97BD7258A0CBE001A10DF /* Build configuration list for PBXNativeTarget "AlcoholFactoryMethod" */ = {
			isa = XCConfigurationList;
			buildConfigurations = (
				88E97BD8258A0CBE001A10DF /* Debug */,
				88E97BD9258A0CBE001A10DF /* Release */,
			);
			defaultConfigurationIsVisible = 0;
			defaultConfigurationName = Release;
		};
/* End XCConfigurationList section */
	};
	rootObject = 88E97BBB258A0CBC001A10DF /* Project object */;
}
